
Microsoft Visual Studio Solution File, Format Version 12.00
# Visual Studio Version 17
VisualStudioVersion = 17.8.34316.72
MinimumVisualStudioVersion = 10.0.40219.1
Project("{9A19103F-16F7-4668-BE54-9A1E7A4F7556}") = "Loja.MinimalAPI", "Loja.MinimalAPI.csproj", "{5D26FCD5-C92F-4C40-9648-A42C5F2902C4}"
EndProject
Global
	GlobalSection(SolutionConfigurationPlatforms) = preSolution
		Debug|Any CPU = Debug|Any CPU
		Release|Any CPU = Release|Any CPU
	EndGlobalSection
	GlobalSection(ProjectConfigurationPlatforms) = postSolution
		{5D26FCD5-C92F-4C40-9648-A42C5F2902C4}.Debug|Any CPU.ActiveCfg = Debug|Any CPU
		{5D26FCD5-C92F-4C40-9648-A42C5F2902C4}.Debug|Any CPU.Build.0 = Debug|Any CPU
		{5D26FCD5-C92F-4C40-9648-A42C5F2902C4}.Release|Any CPU.ActiveCfg = Release|Any CPU
		{5D26FCD5-C92F-4C40-9648-A42C5F2902C4}.Release|Any CPU.Build.0 = Release|Any CPU
	EndGlobalSection
	GlobalSection(SolutionProperties) = preSolution
		HideSolutionNode = FALSE
	EndGlobalSection
	GlobalSection(ExtensibilityGlobals) = postSolution
		SolutionGuid = {86CA4573-728D-449A-A5B3-DB5D6C6C210E}
	EndGlobalSection
EndGlobal
